// !$*UTF8*$!
{
	archiveVersion = 1;
	classes = {
	};
	objectVersion = 50;
	objects = {

/* Begin PBXBuildFile section */
		70519805263BE5C300C2C48A /* AppDelegate.swift in Sources */ = {isa = PBXBuildFile; fileRef = 70519804263BE5C300C2C48A /* AppDelegate.swift */; };
		70519807263BE5C300C2C48A /* SceneDelegate.swift in Sources */ = {isa = PBXBuildFile; fileRef = 70519806263BE5C300C2C48A /* SceneDelegate.swift */; };
		70519809263BE5C300C2C48A /* ViewController.swift in Sources */ = {isa = PBXBuildFile; fileRef = 70519808263BE5C300C2C48A /* ViewController.swift */; };
		7051980C263BE5C300C2C48A /* Main.storyboard in Resources */ = {isa = PBXBuildFile; fileRef = 7051980A263BE5C300C2C48A /* Main.storyboard */; };
		7051980E263BE5C500C2C48A /* Assets.xcassets in Resources */ = {isa = PBXBuildFile; fileRef = 7051980D263BE5C500C2C48A /* Assets.xcassets */; };
		70519811263BE5C500C2C48A /* LaunchScreen.storyboard in Resources */ = {isa = PBXBuildFile; fileRef = 7051980F263BE5C500C2C48A /* LaunchScreen.storyboard */; };
/* End PBXBuildFile section */

/* Begin PBXFileReference section */
		70519801263BE5C300C2C48A /* TexyAutoresize.app */ = {isa = PBXFileReference; explicitFileType = wrapper.application; includeInIndex = 0; path = TexyAutoresize.app; sourceTree = BUILT_PRODUCTS_DIR; };
		70519804263BE5C300C2C48A /* AppDelegate.swift */ = {isa = PBXFileReference; lastKnownFileType = sourcecode.swift; path = AppDelegate.swift; sourceTree = "<group>"; };
		70519806263BE5C300C2C48A /* SceneDelegate.swift */ = {isa = PBXFileReference; lastKnownFileType = sourcecode.swift; path = SceneDelegate.swift; sourceTree = "<group>"; };
		70519808263BE5C300C2C48A /* ViewController.swift */ = {isa = PBXFileReference; lastKnownFileType = sourcecode.swift; path = ViewController.swift; sourceTree = "<group>"; };
		7051980B263BE5C300C2C48A /* Base */ = {isa = PBXFileReference; lastKnownFileType = file.storyboard; name = Base; path = Base.lproj/Main.storyboard; sourceTree = "<group>"; };
		7051980D263BE5C500C2C48A /* Assets.xcassets */ = {isa = PBXFileReference; lastKnownFileType = folder.assetcatalog; path = Assets.xcassets; sourceTree = "<group>"; };
		70519810263BE5C500C2C48A /* Base */ = {isa = PBXFileReference; lastKnownFileType = file.storyboard; name = Base; path = Base.lproj/LaunchScreen.storyboard; sourceTree = "<group>"; };
		70519812263BE5C500C2C48A /* Info.plist */ = {isa = PBXFileReference; lastKnownFileType = text.plist.xml; path = Info.plist; sourceTree = "<group>"; };
/* End PBXFileReference section */

/* Begin PBXFrameworksBuildPhase section */
		705197FE263BE5C300C2C48A /* Frameworks */ = {
			isa = PBXFrameworksBuildPhase;
			buildActionMask = 2147483647;
			files = (
			);
			runOnlyForDeploymentPostprocessing = 0;
		};
/* End PBXFrameworksBuildPhase section */

/* Begin PBXGroup section */
		705197F8263BE5C300C2C48A = {
			isa = PBXGroup;
			children = (
				70519803263BE5C300C2C48A /* TexyAutoresize */,
				70519802263BE5C300C2C48A /* Products */,
			);
			sourceTree = "<group>";
		};
		70519802263BE5C300C2C48A /* Products */ = {
			isa = PBXGroup;
			children = (
				70519801263BE5C300C2C48A /* TexyAutoresize.app */,
			);
			name = Products;
			sourceTree = "<group>";
		};
		70519803263BE5C300C2C48A /* TexyAutoresize */ = {
			isa = PBXGroup;
			children = (
				70519804263BE5C300C2C48A /* AppDelegate.swift */,
				70519806263BE5C300C2C48A /* SceneDelegate.swift */,
				70519808263BE5C300C2C48A /* ViewController.swift */,
				7051980A263BE5C300C2C48A /* Main.storyboard */,
				7051980D263BE5C500C2C48A /* Assets.xcassets */,
				7051980F263BE5C500C2C48A /* LaunchScreen.storyboard */,
				70519812263BE5C500C2C48A /* Info.plist */,
			);
			path = TexyAutoresize;
			sourceTree = "<group>";
		};
/* End PBXGroup section */

/* Begin PBXNativeTarget section */
		70519800263BE5C300C2C48A /* TexyAutoresize */ = {
			isa = PBXNativeTarget;
			buildConfigurationList = 70519815263BE5C500C2C48A /* Build configuration list for PBXNativeTarget "TexyAutoresize" */;
			buildPhases = (
				705197FD263BE5C300C2C48A /* Sources */,
				705197FE263BE5C300C2C48A /* Frameworks */,
				705197FF263BE5C300C2C48A /* Resources */,
			);
			buildRules = (
			);
			dependencies = (
			);
			name = TexyAutoresize;
			productName = TexyAutoresize;
			productReference = 70519801263BE5C300C2C48A /* TexyAutoresize.app */;
			productType = "com.apple.product-type.application";
		};
/* End PBXNativeTarget section */

/* Begin PBXProject section */
		705197F9263BE5C300C2C48A /* Project object */ = {
			isa = PBXProject;
			attributes = {
				LastSwiftUpdateCheck = 1240;
				LastUpgradeCheck = 1240;
				TargetAttributes = {
					70519800263BE5C300C2C48A = {
						CreatedOnToolsVersion = 12.4;
					};
				};
			};
			buildConfigurationList = 705197FC263BE5C300C2C48A /* Build configuration list for PBXProject "TexyAutoresize" */;
			compatibilityVersion = "Xcode 9.3";
			developmentRegion = en;
			hasScannedForEncodings = 0;
			knownRegions = (
				en,
				Base,
			);
			mainGroup = 705197F8263BE5C300C2C48A;
			productRefGroup = 70519802263BE5C300C2C48A /* Products */;
			projectDirPath = "";
			projectRoot = "";
			targets = (
				70519800263BE5C300C2C48A /* TexyAutoresize */,
			);
		};
/* End PBXProject section */

/* Begin PBXResourcesBuildPhase section */
		705197FF263BE5C300C2C48A /* Resources */ = {
			isa = PBXResourcesBuildPhase;
			buildActionMask = 2147483647;
			files = (
				70519811263BE5C500C2C48A /* LaunchScreen.storyboard in Resources */,
				7051980E263BE5C500C2C48A /* Assets.xcassets in Resources */,
				7051980C263BE5C300C2C48A /* Main.storyboard in Resources */,
			);
			runOnlyForDeploymentPostprocessing = 0;
		};
/* End PBXResourcesBuildPhase section */

/* Begin PBXSourcesBuildPhase section */
		705197FD263BE5C300C2C48A /* Sources */ = {
			isa = PBXSourcesBuildPhase;
			buildActionMask = 2147483647;
			files = (
				70519809263BE5C300C2C48A /* ViewController.swift in Sources */,
				70519805263BE5C300C2C48A /* AppDelegate.swift in Sources */,
				70519807263BE5C300C2C48A /* SceneDelegate.swift in Sources */,
			);
			runOnlyForDeploymentPostprocessing = 0;
		};
/* End PBXSourcesBuildPhase section */

/* Begin PBXVariantGroup section */
		7051980A263BE5C300C2C48A /* Main.storyboard */ = {
			isa = PBXVariantGroup;
			children = (
				7051980B263BE5C300C2C48A /* Base */,
			);
			name = Main.storyboard;
			sourceTree = "<group>";
		};
		7051980F263BE5C500C2C48A /* LaunchScreen.storyboard */ = {
			isa = PBXVariantGroup;
			children = (
				70519810263BE5C500C2C48A /* Base */,
			);
			name = LaunchScreen.storyboard;
			sourceTree = "<group>";
		};
/* End PBXVariantGroup section */

/* Begin XCBuildConfiguration section */
		70519813263BE5C500C2C48A /* Debug */ = {
			isa = XCBuildConfiguration;
			buildSettings = {
				ALWAYS_SEARCH_USER_PATHS = NO;
				CLANG_ANALYZER_NONNULL = YES;
				CLANG_ANALYZER_NUMBER_OBJECT_CONVERSION = YES_AGGRESSIVE;
				CLANG_CXX_LANGUAGE_STANDARD = "gnu++14";
				CLANG_CXX_LIBRARY = "libc++";
				CLANG_ENABLE_MODULES = YES;
				CLANG_ENABLE_OBJC_ARC = YES;
				CLANG_ENABLE_OBJC_WEAK = YES;
				CLANG_WARN_BLOCK_CAPTURE_AUTORELEASING = YES;
				CLANG_WARN_BOOL_CONVERSION = YES;
				CLANG_WARN_COMMA = YES;
				CLANG_WARN_CONSTANT_CONVERSION = YES;
				CLANG_WARN_DEPRECATED_OBJC_IMPLEMENTATIONS = YES;
				CLANG_WARN_DIRECT_OBJC_ISA_USAGE = YES_ERROR;
				CLANG_WARN_DOCUMENTATION_COMMENTS = YES;
				CLANG_WARN_EMPTY_BODY = YES;
				CLANG_WARN_ENUM_CONVERSION = YES;
				CLANG_WARN_INFINITE_RECURSION = YES;
				CLANG_WARN_INT_CONVERSION = YES;
				CLANG_WARN_NON_LITERAL_NULL_CONVERSION = YES;
				CLANG_WARN_OBJC_IMPLICIT_RETAIN_SELF = YES;
				CLANG_WARN_OBJC_LITERAL_CONVERSION = YES;
				CLANG_WARN_OBJC_ROOT_CLASS = YES_ERROR;
				CLANG_WARN_QUOTED_INCLUDE_IN_FRAMEWORK_HEADER = YES;
				CLANG_WARN_RANGE_LOOP_ANALYSIS = YES;
				CLANG_WARN_STRICT_PROTOTYPES = YES;
				CLANG_WARN_SUSPICIOUS_MOVE = YES;
				CLANG_WARN_UNGUARDED_AVAILABILITY = YES_AGGRESSIVE;
				CLANG_WARN_UNREACHABLE_CODE = YES;
				CLANG_WARN__DUPLICATE_METHOD_MATCH = YES;
				COPY_PHASE_STRIP = NO;
				DEBUG_INFORMATION_FORMAT = dwarf;
				ENABLE_STRICT_OBJC_MSGSEND = YES;
				ENABLE_TESTABILITY = YES;
				GCC_C_LANGUAGE_STANDARD = gnu11;
				GCC_DYNAMIC_NO_PIC = NO;
				GCC_NO_COMMON_BLOCKS = YES;
				GCC_OPTIMIZATION_LEVEL = 0;
				GCC_PREPROCESSOR_DEFINITIONS = (
					"DEBUG=1",
					"$(inherited)",
				);
				GCC_WARN_64_TO_32_BIT_CONVERSION = YES;
				GCC_WARN_ABOUT_RETURN_TYPE = YES_ERROR;
				GCC_WARN_UNDECLARED_SELECTOR = YES;
				GCC_WARN_UNINITIALIZED_AUTOS = YES_AGGRESSIVE;
				GCC_WARN_UNUSED_FUNCTION = YES;
				GCC_WARN_UNUSED_VARIABLE = YES;
				IPHONEOS_DEPLOYMENT_TARGET = 14.4;
				MTL_ENABLE_DEBUG_INFO = INCLUDE_SOURCE;
				MTL_FAST_MATH = YES;
				ONLY_ACTIVE_ARCH = YES;
				SDKROOT = iphoneos;
				SWIFT_ACTIVE_COMPILATION_CONDITIONS = DEBUG;
				SWIFT_OPTIMIZATION_LEVEL = "-Onone";
			};
			name = Debug;
		};
		70519814263BE5C500C2C48A /* Release */ = {
			isa = XCBuildConfiguration;
			buildSettings = {
				ALWAYS_SEARCH_USER_PATHS = NO;
				CLANG_ANALYZER_NONNULL = YES;
				CLANG_ANALYZER_NUMBER_OBJECT_CONVERSION = YES_AGGRESSIVE;
				CLANG_CXX_LANGUAGE_STANDARD = "gnu++14";
				CLANG_CXX_LIBRARY = "libc++";
				CLANG_ENABLE_MODULES = YES;
				CLANG_ENABLE_OBJC_ARC = YES;
				CLANG_ENABLE_OBJC_WEAK = YES;
				CLANG_WARN_BLOCK_CAPTURE_AUTORELEASING = YES;
				CLANG_WARN_BOOL_CONVERSION = YES;
				CLANG_WARN_COMMA = YES;
				CLANG_WARN_CONSTANT_CONVERSION = YES;
				CLANG_WARN_DEPRECATED_OBJC_IMPLEMENTATIONS = YES;
				CLANG_WARN_DIRECT_OBJC_ISA_USAGE = YES_ERROR;
				CLANG_WARN_DOCUMENTATION_COMMENTS = YES;
				CLANG_WARN_EMPTY_BODY = YES;
				CLANG_WARN_ENUM_CONVERSION = YES;
				CLANG_WARN_INFINITE_RECURSION = YES;
				CLANG_WARN_INT_CONVERSION = YES;
				CLANG_WARN_NON_LITERAL_NULL_CONVERSION = YES;
				CLANG_WARN_OBJC_IMPLICIT_RETAIN_SELF = YES;
				CLANG_WARN_OBJC_LITERAL_CONVERSION = YES;
				CLANG_WARN_OBJC_ROOT_CLASS = YES_ERROR;
				CLANG_WARN_QUOTED_INCLUDE_IN_FRAMEWORK_HEADER = YES;
				CLANG_WARN_RANGE_LOOP_ANALYSIS = YES;
				CLANG_WARN_STRICT_PROTOTYPES = YES;
				CLANG_WARN_SUSPICIOUS_MOVE = YES;
				CLANG_WARN_UNGUARDED_AVAILABILITY = YES_AGGRESSIVE;
				CLANG_WARN_UNREACHABLE_CODE = YES;
				CLANG_WARN__DUPLICATE_METHOD_MATCH = YES;
				COPY_PHASE_STRIP = NO;
				DEBUG_INFORMATION_FORMAT = "dwarf-with-dsym";
				ENABLE_NS_ASSERTIONS = NO;
				ENABLE_STRICT_OBJC_MSGSEND = YES;
				GCC_C_LANGUAGE_STANDARD = gnu11;
				GCC_NO_COMMON_BLOCKS = YES;
				GCC_WARN_64_TO_32_BIT_CONVERSION = YES;
				GCC_WARN_ABOUT_RETURN_TYPE = YES_ERROR;
				GCC_WARN_UNDECLARED_SELECTOR = YES;
				GCC_WARN_UNINITIALIZED_AUTOS = YES_AGGRESSIVE;
				GCC_WARN_UNUSED_FUNCTION = YES;
				GCC_WARN_UNUSED_VARIABLE = YES;
				IPHONEOS_DEPLOYMENT_TARGET = 14.4;
				MTL_ENABLE_DEBUG_INFO = NO;
				MTL_FAST_MATH = YES;
				SDKROOT = iphoneos;
				SWIFT_COMPILATION_MODE = wholemodule;
				SWIFT_OPTIMIZATION_LEVEL = "-O";
				VALIDATE_PRODUCT = YES;
			};
			name = Release;
		};
		70519816263BE5C500C2C48A /* Debug */ = {
			isa = XCBuildConfiguration;
			buildSettings = {
				ASSETCATALOG_COMPILER_APPICON_NAME = AppIcon;
				ASSETCATALOG_COMPILER_GLOBAL_ACCENT_COLOR_NAME = AccentColor;
				CODE_SIGN_STYLE = Automatic;
				DEVELOPMENT_TEAM = HB263D44V3;
				INFOPLIST_FILE = TexyAutoresize/Info.plist;
				LD_RUNPATH_SEARCH_PATHS = (
					"$(inherited)",
					"@executable_path/Frameworks",
				);
				PRODUCT_BUNDLE_IDENTIFIER = mtwdm.TexyAutoresize;
				PRODUCT_NAME = "$(TARGET_NAME)";
				SWIFT_VERSION = 5.0;
				TARGETED_DEVICE_FAMILY = "1,2";
			};
			name = Debug;
		};
		70519817263BE5C500C2C48A /* Release */ = {
			isa = XCBuildConfiguration;
			buildSettings = {
				ASSETCATALOG_COMPILER_APPICON_NAME = AppIcon;
				ASSETCATALOG_COMPILER_GLOBAL_ACCENT_COLOR_NAME = AccentColor;
				CODE_SIGN_STYLE = Automatic;
				DEVELOPMENT_TEAM = HB263D44V3;
				INFOPLIST_FILE = TexyAutoresize/Info.plist;
				LD_RUNPATH_SEARCH_PATHS = (
					"$(inherited)",
					"@executable_path/Frameworks",
				);
				PRODUCT_BUNDLE_IDENTIFIER = mtwdm.TexyAutoresize;
				PRODUCT_NAME = "$(TARGET_NAME)";
				SWIFT_VERSION = 5.0;
				TARGETED_DEVICE_FAMILY = "1,2";
			};
			name = Release;
		};
/* End XCBuildConfiguration section */

/* Begin XCConfigurationList section */
		705197FC263BE5C300C2C48A /* Build configuration list for PBXProject "TexyAutoresize" */ = {
			isa = XCConfigurationList;
			buildConfigurations = (
				70519813263BE5C500C2C48A /* Debug */,
				70519814263BE5C500C2C48A /* Release */,
			);
			defaultConfigurationIsVisible = 0;
			defaultConfigurationName = Release;
		};
		70519815263BE5C500C2C48A /* Build configuration list for PBXNativeTarget "TexyAutoresize" */ = {
			isa = XCConfigurationList;
			buildConfigurations = (
				70519816263BE5C500C2C48A /* Debug */,
				70519817263BE5C500C2C48A /* Release */,
			);
			defaultConfigurationIsVisible = 0;
			defaultConfigurationName = Release;
		};
/* End XCConfigurationList section */
	};
	rootObject = 705197F9263BE5C300C2C48A /* Project object */;
}
