// !$*UTF8*$!
{
	archiveVersion = 1;
	classes = {
	};
	objectVersion = 50;
	objects = {

/* Begin PBXBuildFile section */
		70490955263D36A2006C7C27 /* mostrarpdfViewController.swift in Sources */ = {isa = PBXBuildFile; fileRef = 70490954263D36A2006C7C27 /* mostrarpdfViewController.swift */; };
		707F50AF263D1E8A005EA9B4 /* AppDelegate.swift in Sources */ = {isa = PBXBuildFile; fileRef = 707F50AE263D1E8A005EA9B4 /* AppDelegate.swift */; };
		707F50B1263D1E8A005EA9B4 /* SceneDelegate.swift in Sources */ = {isa = PBXBuildFile; fileRef = 707F50B0263D1E8A005EA9B4 /* SceneDelegate.swift */; };
		707F50B3263D1E8A005EA9B4 /* ViewController.swift in Sources */ = {isa = PBXBuildFile; fileRef = 707F50B2263D1E8A005EA9B4 /* ViewController.swift */; };
		707F50B6263D1E8A005EA9B4 /* Main.storyboard in Resources */ = {isa = PBXBuildFile; fileRef = 707F50B4263D1E8A005EA9B4 /* Main.storyboard */; };
		707F50B8263D1E8B005EA9B4 /* Assets.xcassets in Resources */ = {isa = PBXBuildFile; fileRef = 707F50B7263D1E8B005EA9B4 /* Assets.xcassets */; };
		707F50BB263D1E8B005EA9B4 /* LaunchScreen.storyboard in Resources */ = {isa = PBXBuildFile; fileRef = 707F50B9263D1E8B005EA9B4 /* LaunchScreen.storyboard */; };
		707F50C3263D1EDB005EA9B4 /* libros in Resources */ = {isa = PBXBuildFile; fileRef = 707F50C2263D1EDB005EA9B4 /* libros */; };
/* End PBXBuildFile section */

/* Begin PBXFileReference section */
		70490954263D36A2006C7C27 /* mostrarpdfViewController.swift */ = {isa = PBXFileReference; lastKnownFileType = sourcecode.swift; path = mostrarpdfViewController.swift; sourceTree = "<group>"; };
		707F50AB263D1E8A005EA9B4 /* visorPDF.app */ = {isa = PBXFileReference; explicitFileType = wrapper.application; includeInIndex = 0; path = visorPDF.app; sourceTree = BUILT_PRODUCTS_DIR; };
		707F50AE263D1E8A005EA9B4 /* AppDelegate.swift */ = {isa = PBXFileReference; lastKnownFileType = sourcecode.swift; path = AppDelegate.swift; sourceTree = "<group>"; };
		707F50B0263D1E8A005EA9B4 /* SceneDelegate.swift */ = {isa = PBXFileReference; lastKnownFileType = sourcecode.swift; path = SceneDelegate.swift; sourceTree = "<group>"; };
		707F50B2263D1E8A005EA9B4 /* ViewController.swift */ = {isa = PBXFileReference; lastKnownFileType = sourcecode.swift; path = ViewController.swift; sourceTree = "<group>"; };
		707F50B5263D1E8A005EA9B4 /* Base */ = {isa = PBXFileReference; lastKnownFileType = file.storyboard; name = Base; path = Base.lproj/Main.storyboard; sourceTree = "<group>"; };
		707F50B7263D1E8B005EA9B4 /* Assets.xcassets */ = {isa = PBXFileReference; lastKnownFileType = folder.assetcatalog; path = Assets.xcassets; sourceTree = "<group>"; };
		707F50BA263D1E8B005EA9B4 /* Base */ = {isa = PBXFileReference; lastKnownFileType = file.storyboard; name = Base; path = Base.lproj/LaunchScreen.storyboard; sourceTree = "<group>"; };
		707F50BC263D1E8B005EA9B4 /* Info.plist */ = {isa = PBXFileReference; lastKnownFileType = text.plist.xml; path = Info.plist; sourceTree = "<group>"; };
		707F50C2263D1EDB005EA9B4 /* libros */ = {isa = PBXFileReference; lastKnownFileType = folder; name = libros; path = ../../../../../Desktop/libros; sourceTree = "<group>"; };
/* End PBXFileReference section */

/* Begin PBXFrameworksBuildPhase section */
		707F50A8263D1E8A005EA9B4 /* Frameworks */ = {
			isa = PBXFrameworksBuildPhase;
			buildActionMask = 2147483647;
			files = (
			);
			runOnlyForDeploymentPostprocessing = 0;
		};
/* End PBXFrameworksBuildPhase section */

/* Begin PBXGroup section */
		707F50A2263D1E8A005EA9B4 = {
			isa = PBXGroup;
			children = (
				707F50AD263D1E8A005EA9B4 /* visorPDF */,
				707F50AC263D1E8A005EA9B4 /* Products */,
			);
			sourceTree = "<group>";
		};
		707F50AC263D1E8A005EA9B4 /* Products */ = {
			isa = PBXGroup;
			children = (
				707F50AB263D1E8A005EA9B4 /* visorPDF.app */,
			);
			name = Products;
			sourceTree = "<group>";
		};
		707F50AD263D1E8A005EA9B4 /* visorPDF */ = {
			isa = PBXGroup;
			children = (
				707F50AE263D1E8A005EA9B4 /* AppDelegate.swift */,
				707F50B0263D1E8A005EA9B4 /* SceneDelegate.swift */,
				707F50B2263D1E8A005EA9B4 /* ViewController.swift */,
				70490954263D36A2006C7C27 /* mostrarpdfViewController.swift */,
				707F50B4263D1E8A005EA9B4 /* Main.storyboard */,
				707F50B7263D1E8B005EA9B4 /* Assets.xcassets */,
				707F50B9263D1E8B005EA9B4 /* LaunchScreen.storyboard */,
				707F50BC263D1E8B005EA9B4 /* Info.plist */,
				707F50C2263D1EDB005EA9B4 /* libros */,
			);
			path = visorPDF;
			sourceTree = "<group>";
		};
/* End PBXGroup section */

/* Begin PBXNativeTarget section */
		707F50AA263D1E8A005EA9B4 /* visorPDF */ = {
			isa = PBXNativeTarget;
			buildConfigurationList = 707F50BF263D1E8B005EA9B4 /* Build configuration list for PBXNativeTarget "visorPDF" */;
			buildPhases = (
				707F50A7263D1E8A005EA9B4 /* Sources */,
				707F50A8263D1E8A005EA9B4 /* Frameworks */,
				707F50A9263D1E8A005EA9B4 /* Resources */,
			);
			buildRules = (
			);
			dependencies = (
			);
			name = visorPDF;
			productName = visorPDF;
			productReference = 707F50AB263D1E8A005EA9B4 /* visorPDF.app */;
			productType = "com.apple.product-type.application";
		};
/* End PBXNativeTarget section */

/* Begin PBXProject section */
		707F50A3263D1E8A005EA9B4 /* Project object */ = {
			isa = PBXProject;
			attributes = {
				LastSwiftUpdateCheck = 1250;
				LastUpgradeCheck = 1250;
				TargetAttributes = {
					707F50AA263D1E8A005EA9B4 = {
						CreatedOnToolsVersion = 12.5;
					};
				};
			};
			buildConfigurationList = 707F50A6263D1E8A005EA9B4 /* Build configuration list for PBXProject "visorPDF" */;
			compatibilityVersion = "Xcode 9.3";
			developmentRegion = en;
			hasScannedForEncodings = 0;
			knownRegions = (
				en,
				Base,
			);
			mainGroup = 707F50A2263D1E8A005EA9B4;
			productRefGroup = 707F50AC263D1E8A005EA9B4 /* Products */;
			projectDirPath = "";
			projectRoot = "";
			targets = (
				707F50AA263D1E8A005EA9B4 /* visorPDF */,
			);
		};
/* End PBXProject section */

/* Begin PBXResourcesBuildPhase section */
		707F50A9263D1E8A005EA9B4 /* Resources */ = {
			isa = PBXResourcesBuildPhase;
			buildActionMask = 2147483647;
			files = (
				707F50BB263D1E8B005EA9B4 /* LaunchScreen.storyboard in Resources */,
				707F50C3263D1EDB005EA9B4 /* libros in Resources */,
				707F50B8263D1E8B005EA9B4 /* Assets.xcassets in Resources */,
				707F50B6263D1E8A005EA9B4 /* Main.storyboard in Resources */,
			);
			runOnlyForDeploymentPostprocessing = 0;
		};
/* End PBXResourcesBuildPhase section */

/* Begin PBXSourcesBuildPhase section */
		707F50A7263D1E8A005EA9B4 /* Sources */ = {
			isa = PBXSourcesBuildPhase;
			buildActionMask = 2147483647;
			files = (
				707F50B3263D1E8A005EA9B4 /* ViewController.swift in Sources */,
				707F50AF263D1E8A005EA9B4 /* AppDelegate.swift in Sources */,
				70490955263D36A2006C7C27 /* mostrarpdfViewController.swift in Sources */,
				707F50B1263D1E8A005EA9B4 /* SceneDelegate.swift in Sources */,
			);
			runOnlyForDeploymentPostprocessing = 0;
		};
/* End PBXSourcesBuildPhase section */

/* Begin PBXVariantGroup section */
		707F50B4263D1E8A005EA9B4 /* Main.storyboard */ = {
			isa = PBXVariantGroup;
			children = (
				707F50B5263D1E8A005EA9B4 /* Base */,
			);
			name = Main.storyboard;
			sourceTree = "<group>";
		};
		707F50B9263D1E8B005EA9B4 /* LaunchScreen.storyboard */ = {
			isa = PBXVariantGroup;
			children = (
				707F50BA263D1E8B005EA9B4 /* Base */,
			);
			name = LaunchScreen.storyboard;
			sourceTree = "<group>";
		};
/* End PBXVariantGroup section */

/* Begin XCBuildConfiguration section */
		707F50BD263D1E8B005EA9B4 /* Debug */ = {
			isa = XCBuildConfiguration;
			buildSettings = {
				ALWAYS_SEARCH_USER_PATHS = NO;
				CLANG_ANALYZER_NONNULL = YES;
				CLANG_ANALYZER_NUMBER_OBJECT_CONVERSION = YES_AGGRESSIVE;
				CLANG_CXX_LANGUAGE_STANDARD = "gnu++14";
				CLANG_CXX_LIBRARY = "libc++";
				CLANG_ENABLE_MODULES = YES;
				CLANG_ENABLE_OBJC_ARC = YES;
				CLANG_ENABLE_OBJC_WEAK = YES;
				CLANG_WARN_BLOCK_CAPTURE_AUTORELEASING = YES;
				CLANG_WARN_BOOL_CONVERSION = YES;
				CLANG_WARN_COMMA = YES;
				CLANG_WARN_CONSTANT_CONVERSION = YES;
				CLANG_WARN_DEPRECATED_OBJC_IMPLEMENTATIONS = YES;
				CLANG_WARN_DIRECT_OBJC_ISA_USAGE = YES_ERROR;
				CLANG_WARN_DOCUMENTATION_COMMENTS = YES;
				CLANG_WARN_EMPTY_BODY = YES;
				CLANG_WARN_ENUM_CONVERSION = YES;
				CLANG_WARN_INFINITE_RECURSION = YES;
				CLANG_WARN_INT_CONVERSION = YES;
				CLANG_WARN_NON_LITERAL_NULL_CONVERSION = YES;
				CLANG_WARN_OBJC_IMPLICIT_RETAIN_SELF = YES;
				CLANG_WARN_OBJC_LITERAL_CONVERSION = YES;
				CLANG_WARN_OBJC_ROOT_CLASS = YES_ERROR;
				CLANG_WARN_QUOTED_INCLUDE_IN_FRAMEWORK_HEADER = YES;
				CLANG_WARN_RANGE_LOOP_ANALYSIS = YES;
				CLANG_WARN_STRICT_PROTOTYPES = YES;
				CLANG_WARN_SUSPICIOUS_MOVE = YES;
				CLANG_WARN_UNGUARDED_AVAILABILITY = YES_AGGRESSIVE;
				CLANG_WARN_UNREACHABLE_CODE = YES;
				CLANG_WARN__DUPLICATE_METHOD_MATCH = YES;
				COPY_PHASE_STRIP = NO;
				DEBUG_INFORMATION_FORMAT = dwarf;
				ENABLE_STRICT_OBJC_MSGSEND = YES;
				ENABLE_TESTABILITY = YES;
				GCC_C_LANGUAGE_STANDARD = gnu11;
				GCC_DYNAMIC_NO_PIC = NO;
				GCC_NO_COMMON_BLOCKS = YES;
				GCC_OPTIMIZATION_LEVEL = 0;
				GCC_PREPROCESSOR_DEFINITIONS = (
					"DEBUG=1",
					"$(inherited)",
				);
				GCC_WARN_64_TO_32_BIT_CONVERSION = YES;
				GCC_WARN_ABOUT_RETURN_TYPE = YES_ERROR;
				GCC_WARN_UNDECLARED_SELECTOR = YES;
				GCC_WARN_UNINITIALIZED_AUTOS = YES_AGGRESSIVE;
				GCC_WARN_UNUSED_FUNCTION = YES;
				GCC_WARN_UNUSED_VARIABLE = YES;
				IPHONEOS_DEPLOYMENT_TARGET = 14.5;
				MTL_ENABLE_DEBUG_INFO = INCLUDE_SOURCE;
				MTL_FAST_MATH = YES;
				ONLY_ACTIVE_ARCH = YES;
				SDKROOT = iphoneos;
				SWIFT_ACTIVE_COMPILATION_CONDITIONS = DEBUG;
				SWIFT_OPTIMIZATION_LEVEL = "-Onone";
			};
			name = Debug;
		};
		707F50BE263D1E8B005EA9B4 /* Release */ = {
			isa = XCBuildConfiguration;
			buildSettings = {
				ALWAYS_SEARCH_USER_PATHS = NO;
				CLANG_ANALYZER_NONNULL = YES;
				CLANG_ANALYZER_NUMBER_OBJECT_CONVERSION = YES_AGGRESSIVE;
				CLANG_CXX_LANGUAGE_STANDARD = "gnu++14";
				CLANG_CXX_LIBRARY = "libc++";
				CLANG_ENABLE_MODULES = YES;
				CLANG_ENABLE_OBJC_ARC = YES;
				CLANG_ENABLE_OBJC_WEAK = YES;
				CLANG_WARN_BLOCK_CAPTURE_AUTORELEASING = YES;
				CLANG_WARN_BOOL_CONVERSION = YES;
				CLANG_WARN_COMMA = YES;
				CLANG_WARN_CONSTANT_CONVERSION = YES;
				CLANG_WARN_DEPRECATED_OBJC_IMPLEMENTATIONS = YES;
				CLANG_WARN_DIRECT_OBJC_ISA_USAGE = YES_ERROR;
				CLANG_WARN_DOCUMENTATION_COMMENTS = YES;
				CLANG_WARN_EMPTY_BODY = YES;
				CLANG_WARN_ENUM_CONVERSION = YES;
				CLANG_WARN_INFINITE_RECURSION = YES;
				CLANG_WARN_INT_CONVERSION = YES;
				CLANG_WARN_NON_LITERAL_NULL_CONVERSION = YES;
				CLANG_WARN_OBJC_IMPLICIT_RETAIN_SELF = YES;
				CLANG_WARN_OBJC_LITERAL_CONVERSION = YES;
				CLANG_WARN_OBJC_ROOT_CLASS = YES_ERROR;
				CLANG_WARN_QUOTED_INCLUDE_IN_FRAMEWORK_HEADER = YES;
				CLANG_WARN_RANGE_LOOP_ANALYSIS = YES;
				CLANG_WARN_STRICT_PROTOTYPES = YES;
				CLANG_WARN_SUSPICIOUS_MOVE = YES;
				CLANG_WARN_UNGUARDED_AVAILABILITY = YES_AGGRESSIVE;
				CLANG_WARN_UNREACHABLE_CODE = YES;
				CLANG_WARN__DUPLICATE_METHOD_MATCH = YES;
				COPY_PHASE_STRIP = NO;
				DEBUG_INFORMATION_FORMAT = "dwarf-with-dsym";
				ENABLE_NS_ASSERTIONS = NO;
				ENABLE_STRICT_OBJC_MSGSEND = YES;
				GCC_C_LANGUAGE_STANDARD = gnu11;
				GCC_NO_COMMON_BLOCKS = YES;
				GCC_WARN_64_TO_32_BIT_CONVERSION = YES;
				GCC_WARN_ABOUT_RETURN_TYPE = YES_ERROR;
				GCC_WARN_UNDECLARED_SELECTOR = YES;
				GCC_WARN_UNINITIALIZED_AUTOS = YES_AGGRESSIVE;
				GCC_WARN_UNUSED_FUNCTION = YES;
				GCC_WARN_UNUSED_VARIABLE = YES;
				IPHONEOS_DEPLOYMENT_TARGET = 14.5;
				MTL_ENABLE_DEBUG_INFO = NO;
				MTL_FAST_MATH = YES;
				SDKROOT = iphoneos;
				SWIFT_COMPILATION_MODE = wholemodule;
				SWIFT_OPTIMIZATION_LEVEL = "-O";
				VALIDATE_PRODUCT = YES;
			};
			name = Release;
		};
		707F50C0263D1E8B005EA9B4 /* Debug */ = {
			isa = XCBuildConfiguration;
			buildSettings = {
				ASSETCATALOG_COMPILER_APPICON_NAME = AppIcon;
				ASSETCATALOG_COMPILER_GLOBAL_ACCENT_COLOR_NAME = AccentColor;
				CODE_SIGN_STYLE = Automatic;
				DEVELOPMENT_TEAM = HB263D44V3;
				INFOPLIST_FILE = visorPDF/Info.plist;
				LD_RUNPATH_SEARCH_PATHS = (
					"$(inherited)",
					"@executable_path/Frameworks",
				);
				PRODUCT_BUNDLE_IDENTIFIER = mtwdm.visorPDF;
				PRODUCT_NAME = "$(TARGET_NAME)";
				SWIFT_VERSION = 5.0;
				TARGETED_DEVICE_FAMILY = "1,2";
			};
			name = Debug;
		};
		707F50C1263D1E8B005EA9B4 /* Release */ = {
			isa = XCBuildConfiguration;
			buildSettings = {
				ASSETCATALOG_COMPILER_APPICON_NAME = AppIcon;
				ASSETCATALOG_COMPILER_GLOBAL_ACCENT_COLOR_NAME = AccentColor;
				CODE_SIGN_STYLE = Automatic;
				DEVELOPMENT_TEAM = HB263D44V3;
				INFOPLIST_FILE = visorPDF/Info.plist;
				LD_RUNPATH_SEARCH_PATHS = (
					"$(inherited)",
					"@executable_path/Frameworks",
				);
				PRODUCT_BUNDLE_IDENTIFIER = mtwdm.visorPDF;
				PRODUCT_NAME = "$(TARGET_NAME)";
				SWIFT_VERSION = 5.0;
				TARGETED_DEVICE_FAMILY = "1,2";
			};
			name = Release;
		};
/* End XCBuildConfiguration section */

/* Begin XCConfigurationList section */
		707F50A6263D1E8A005EA9B4 /* Build configuration list for PBXProject "visorPDF" */ = {
			isa = XCConfigurationList;
			buildConfigurations = (
				707F50BD263D1E8B005EA9B4 /* Debug */,
				707F50BE263D1E8B005EA9B4 /* Release */,
			);
			defaultConfigurationIsVisible = 0;
			defaultConfigurationName = Release;
		};
		707F50BF263D1E8B005EA9B4 /* Build configuration list for PBXNativeTarget "visorPDF" */ = {
			isa = XCConfigurationList;
			buildConfigurations = (
				707F50C0263D1E8B005EA9B4 /* Debug */,
				707F50C1263D1E8B005EA9B4 /* Release */,
			);
			defaultConfigurationIsVisible = 0;
			defaultConfigurationName = Release;
		};
/* End XCConfigurationList section */
	};
	rootObject = 707F50A3263D1E8A005EA9B4 /* Project object */;
}
